
Microsoft Visual Studio Solution File, Format Version 12.00
# Visual Studio Version 17
VisualStudioVersion = 17.2.32526.322
MinimumVisualStudioVersion = 10.0.40219.1
Project("{00D1A9C2-B5F0-4AF3-8072-F6C62B433612}") = "ReportingService.DB", "ReportingService.DB\ReportingService.DB.sqlproj", "{3463E5EC-0873-44A2-8A2D-44967A9518C1}"
EndProject
Project("{9A19103F-16F7-4668-BE54-9A1E7A4F7556}") = "ReportingService.Data", "ReportingService.Data\ReportingService.Data.csproj", "{0367DD11-34F2-494F-87ED-63351F5723AF}"
EndProject
Project("{9A19103F-16F7-4668-BE54-9A1E7A4F7556}") = "ReportingService.Business", "ReportingService.Business\ReportingService.Business.csproj", "{A1EED77E-9AFF-453C-AB12-1CC2BB219783}"
EndProject
Project("{9A19103F-16F7-4668-BE54-9A1E7A4F7556}") = "ReportingService.API", "ReportingService.API\ReportingService.API.csproj", "{ACD54AB8-D400-4D95-9E59-DC6A51F7B55C}"
EndProject
Project("{FAE04EC0-301F-11D3-BF4B-00C04F79EFBC}") = "ReportingService.API.Tests", "ReportingService.API.Tests\ReportingService.API.Tests.csproj", "{2FB7620F-B02F-4086-94CC-1493B49AC0FC}"
EndProject
Global
	GlobalSection(SolutionConfigurationPlatforms) = preSolution
		Debug|Any CPU = Debug|Any CPU
		Release|Any CPU = Release|Any CPU
	EndGlobalSection
	GlobalSection(ProjectConfigurationPlatforms) = postSolution
		{3463E5EC-0873-44A2-8A2D-44967A9518C1}.Debug|Any CPU.ActiveCfg = Debug|Any CPU
		{3463E5EC-0873-44A2-8A2D-44967A9518C1}.Debug|Any CPU.Build.0 = Debug|Any CPU
		{3463E5EC-0873-44A2-8A2D-44967A9518C1}.Debug|Any CPU.Deploy.0 = Debug|Any CPU
		{3463E5EC-0873-44A2-8A2D-44967A9518C1}.Release|Any CPU.ActiveCfg = Release|Any CPU
		{3463E5EC-0873-44A2-8A2D-44967A9518C1}.Release|Any CPU.Build.0 = Release|Any CPU
		{3463E5EC-0873-44A2-8A2D-44967A9518C1}.Release|Any CPU.Deploy.0 = Release|Any CPU
		{0367DD11-34F2-494F-87ED-63351F5723AF}.Debug|Any CPU.ActiveCfg = Debug|Any CPU
		{0367DD11-34F2-494F-87ED-63351F5723AF}.Debug|Any CPU.Build.0 = Debug|Any CPU
		{0367DD11-34F2-494F-87ED-63351F5723AF}.Release|Any CPU.ActiveCfg = Release|Any CPU
		{0367DD11-34F2-494F-87ED-63351F5723AF}.Release|Any CPU.Build.0 = Release|Any CPU
		{A1EED77E-9AFF-453C-AB12-1CC2BB219783}.Debug|Any CPU.ActiveCfg = Debug|Any CPU
		{A1EED77E-9AFF-453C-AB12-1CC2BB219783}.Debug|Any CPU.Build.0 = Debug|Any CPU
		{A1EED77E-9AFF-453C-AB12-1CC2BB219783}.Release|Any CPU.ActiveCfg = Release|Any CPU
		{A1EED77E-9AFF-453C-AB12-1CC2BB219783}.Release|Any CPU.Build.0 = Release|Any CPU
		{ACD54AB8-D400-4D95-9E59-DC6A51F7B55C}.Debug|Any CPU.ActiveCfg = Debug|Any CPU
		{ACD54AB8-D400-4D95-9E59-DC6A51F7B55C}.Debug|Any CPU.Build.0 = Debug|Any CPU
		{ACD54AB8-D400-4D95-9E59-DC6A51F7B55C}.Release|Any CPU.ActiveCfg = Release|Any CPU
		{ACD54AB8-D400-4D95-9E59-DC6A51F7B55C}.Release|Any CPU.Build.0 = Release|Any CPU
		{2FB7620F-B02F-4086-94CC-1493B49AC0FC}.Debug|Any CPU.ActiveCfg = Debug|Any CPU
		{2FB7620F-B02F-4086-94CC-1493B49AC0FC}.Debug|Any CPU.Build.0 = Debug|Any CPU
		{2FB7620F-B02F-4086-94CC-1493B49AC0FC}.Release|Any CPU.ActiveCfg = Release|Any CPU
		{2FB7620F-B02F-4086-94CC-1493B49AC0FC}.Release|Any CPU.Build.0 = Release|Any CPU
	EndGlobalSection
	GlobalSection(SolutionProperties) = preSolution
		HideSolutionNode = FALSE
	EndGlobalSection
	GlobalSection(ExtensibilityGlobals) = postSolution
		SolutionGuid = {939A58AE-DD76-49BE-A76D-1F9A988EE291}
	EndGlobalSection
EndGlobal
